// !$*UTF8*$!
{
	archiveVersion = 1;
	classes = {
	};
	objectVersion = 46;
	objects = {

/* Begin PBXBuildFile section */
		41A4125EAD65B41FD4340E46 /* libPods.a in Frameworks */ = {isa = PBXBuildFile; fileRef = EAAFAA3BB403DF709FFD6398 /* libPods.a */; };
		747174A41BF304F9003FEA23 /* main.m in Sources */ = {isa = PBXBuildFile; fileRef = 747174A31BF304F9003FEA23 /* main.m */; };
		747174A71BF304F9003FEA23 /* AppDelegate.m in Sources */ = {isa = PBXBuildFile; fileRef = 747174A61BF304F9003FEA23 /* AppDelegate.m */; };
		747174AD1BF304F9003FEA23 /* Main.storyboard in Resources */ = {isa = PBXBuildFile; fileRef = 747174AB1BF304F9003FEA23 /* Main.storyboard */; };
		747174AF1BF304F9003FEA23 /* Assets.xcassets in Resources */ = {isa = PBXBuildFile; fileRef = 747174AE1BF304F9003FEA23 /* Assets.xcassets */; };
		747174B21BF304F9003FEA23 /* LaunchScreen.storyboard in Resources */ = {isa = PBXBuildFile; fileRef = 747174B01BF304F9003FEA23 /* LaunchScreen.storyboard */; };
		747174BC1BF31163003FEA23 /* TitleViewController.m in Sources */ = {isa = PBXBuildFile; fileRef = 747174BB1BF31163003FEA23 /* TitleViewController.m */; };
		747174BF1BF31202003FEA23 /* LoginViewController.m in Sources */ = {isa = PBXBuildFile; fileRef = 747174BE1BF31202003FEA23 /* LoginViewController.m */; };
		747174C21BF31221003FEA23 /* RegisterViewController.m in Sources */ = {isa = PBXBuildFile; fileRef = 747174C11BF31221003FEA23 /* RegisterViewController.m */; };
		747174C61BF31774003FEA23 /* BalanceListViewController.m in Sources */ = {isa = PBXBuildFile; fileRef = 747174C51BF31774003FEA23 /* BalanceListViewController.m */; };
		747174CA1BF32262003FEA23 /* BalanceItemTableViewCell.m in Sources */ = {isa = PBXBuildFile; fileRef = 747174C91BF32262003FEA23 /* BalanceItemTableViewCell.m */; };
		747174CD1BF33D05003FEA23 /* EditItemViewController.m in Sources */ = {isa = PBXBuildFile; fileRef = 747174CC1BF33D05003FEA23 /* EditItemViewController.m */; };
		7488C7FC1BFC772C00EEE1B3 /* KiiProgress.m in Sources */ = {isa = PBXBuildFile; fileRef = 7488C7FB1BFC772C00EEE1B3 /* KiiProgress.m */; };
		7488C7FF1BFCDF9D00EEE1B3 /* BalanceItem.m in Sources */ = {isa = PBXBuildFile; fileRef = 7488C7FE1BFCDF9D00EEE1B3 /* BalanceItem.m */; };
		7488C8021BFCEC8E00EEE1B3 /* TotalAmountTableViewCell.m in Sources */ = {isa = PBXBuildFile; fileRef = 7488C8011BFCEC8E00EEE1B3 /* TotalAmountTableViewCell.m */; };
		7488C8051BFCF63D00EEE1B3 /* KiiAlert.m in Sources */ = {isa = PBXBuildFile; fileRef = 7488C8041BFCF63D00EEE1B3 /* KiiAlert.m */; };
/* End PBXBuildFile section */

/* Begin PBXFileReference section */
		45FD82F135619FEEF30E06AD /* Pods.release.xcconfig */ = {isa = PBXFileReference; includeInIndex = 1; lastKnownFileType = text.xcconfig; name = Pods.release.xcconfig; path = "Pods/Target Support Files/Pods/Pods.release.xcconfig"; sourceTree = "<group>"; };
		71E695A742E5826C11549DDE /* Pods.debug.xcconfig */ = {isa = PBXFileReference; includeInIndex = 1; lastKnownFileType = text.xcconfig; name = Pods.debug.xcconfig; path = "Pods/Target Support Files/Pods/Pods.debug.xcconfig"; sourceTree = "<group>"; };
		7471749F1BF304F9003FEA23 /* KiiBalance.app */ = {isa = PBXFileReference; explicitFileType = wrapper.application; includeInIndex = 0; path = KiiBalance.app; sourceTree = BUILT_PRODUCTS_DIR; };
		747174A31BF304F9003FEA23 /* main.m */ = {isa = PBXFileReference; lastKnownFileType = sourcecode.c.objc; path = main.m; sourceTree = "<group>"; };
		747174A51BF304F9003FEA23 /* AppDelegate.h */ = {isa = PBXFileReference; lastKnownFileType = sourcecode.c.h; path = AppDelegate.h; sourceTree = "<group>"; };
		747174A61BF304F9003FEA23 /* AppDelegate.m */ = {isa = PBXFileReference; lastKnownFileType = sourcecode.c.objc; path = AppDelegate.m; sourceTree = "<group>"; };
		747174AC1BF304F9003FEA23 /* Base */ = {isa = PBXFileReference; lastKnownFileType = file.storyboard; name = Base; path = Base.lproj/Main.storyboard; sourceTree = "<group>"; };
		747174AE1BF304F9003FEA23 /* Assets.xcassets */ = {isa = PBXFileReference; lastKnownFileType = folder.assetcatalog; path = Assets.xcassets; sourceTree = "<group>"; };
		747174B11BF304F9003FEA23 /* Base */ = {isa = PBXFileReference; lastKnownFileType = file.storyboard; name = Base; path = Base.lproj/LaunchScreen.storyboard; sourceTree = "<group>"; };
		747174B31BF304F9003FEA23 /* Info.plist */ = {isa = PBXFileReference; lastKnownFileType = text.plist.xml; path = Info.plist; sourceTree = "<group>"; };
		747174BA1BF31163003FEA23 /* TitleViewController.h */ = {isa = PBXFileReference; fileEncoding = 4; lastKnownFileType = sourcecode.c.h; path = TitleViewController.h; sourceTree = "<group>"; };
		747174BB1BF31163003FEA23 /* TitleViewController.m */ = {isa = PBXFileReference; fileEncoding = 4; lastKnownFileType = sourcecode.c.objc; path = TitleViewController.m; sourceTree = "<group>"; };
		747174BD1BF31202003FEA23 /* LoginViewController.h */ = {isa = PBXFileReference; fileEncoding = 4; lastKnownFileType = sourcecode.c.h; path = LoginViewController.h; sourceTree = "<group>"; };
		747174BE1BF31202003FEA23 /* LoginViewController.m */ = {isa = PBXFileReference; fileEncoding = 4; lastKnownFileType = sourcecode.c.objc; path = LoginViewController.m; sourceTree = "<group>"; };
		747174C01BF31221003FEA23 /* RegisterViewController.h */ = {isa = PBXFileReference; fileEncoding = 4; lastKnownFileType = sourcecode.c.h; path = RegisterViewController.h; sourceTree = "<group>"; };
		747174C11BF31221003FEA23 /* RegisterViewController.m */ = {isa = PBXFileReference; fileEncoding = 4; lastKnownFileType = sourcecode.c.objc; path = RegisterViewController.m; sourceTree = "<group>"; };
		747174C41BF31774003FEA23 /* BalanceListViewController.h */ = {isa = PBXFileReference; fileEncoding = 4; lastKnownFileType = sourcecode.c.h; path = BalanceListViewController.h; sourceTree = "<group>"; };
		747174C51BF31774003FEA23 /* BalanceListViewController.m */ = {isa = PBXFileReference; fileEncoding = 4; lastKnownFileType = sourcecode.c.objc; path = BalanceListViewController.m; sourceTree = "<group>"; };
		747174C81BF32262003FEA23 /* BalanceItemTableViewCell.h */ = {isa = PBXFileReference; fileEncoding = 4; lastKnownFileType = sourcecode.c.h; path = BalanceItemTableViewCell.h; sourceTree = "<group>"; };
		747174C91BF32262003FEA23 /* BalanceItemTableViewCell.m */ = {isa = PBXFileReference; fileEncoding = 4; lastKnownFileType = sourcecode.c.objc; path = BalanceItemTableViewCell.m; sourceTree = "<group>"; };
		747174CB1BF33D05003FEA23 /* EditItemViewController.h */ = {isa = PBXFileReference; fileEncoding = 4; lastKnownFileType = sourcecode.c.h; path = EditItemViewController.h; sourceTree = "<group>"; };
		747174CC1BF33D05003FEA23 /* EditItemViewController.m */ = {isa = PBXFileReference; fileEncoding = 4; lastKnownFileType = sourcecode.c.objc; path = EditItemViewController.m; sourceTree = "<group>"; };
		7488C7FA1BFC772C00EEE1B3 /* KiiProgress.h */ = {isa = PBXFileReference; fileEncoding = 4; lastKnownFileType = sourcecode.c.h; path = KiiProgress.h; sourceTree = "<group>"; };
		7488C7FB1BFC772C00EEE1B3 /* KiiProgress.m */ = {isa = PBXFileReference; fileEncoding = 4; lastKnownFileType = sourcecode.c.objc; path = KiiProgress.m; sourceTree = "<group>"; };
		7488C7FD1BFCDF8000EEE1B3 /* BalanceItem.h */ = {isa = PBXFileReference; lastKnownFileType = sourcecode.c.h; path = BalanceItem.h; sourceTree = "<group>"; };
		7488C7FE1BFCDF9D00EEE1B3 /* BalanceItem.m */ = {isa = PBXFileReference; fileEncoding = 4; lastKnownFileType = sourcecode.c.objc; path = BalanceItem.m; sourceTree = "<group>"; };
		7488C8001BFCEC8E00EEE1B3 /* TotalAmountTableViewCell.h */ = {isa = PBXFileReference; fileEncoding = 4; lastKnownFileType = sourcecode.c.h; path = TotalAmountTableViewCell.h; sourceTree = "<group>"; };
		7488C8011BFCEC8E00EEE1B3 /* TotalAmountTableViewCell.m */ = {isa = PBXFileReference; fileEncoding = 4; lastKnownFileType = sourcecode.c.objc; path = TotalAmountTableViewCell.m; sourceTree = "<group>"; };
		7488C8031BFCF63D00EEE1B3 /* KiiAlert.h */ = {isa = PBXFileReference; fileEncoding = 4; lastKnownFileType = sourcecode.c.h; path = KiiAlert.h; sourceTree = "<group>"; };
		7488C8041BFCF63D00EEE1B3 /* KiiAlert.m */ = {isa = PBXFileReference; fileEncoding = 4; lastKnownFileType = sourcecode.c.objc; path = KiiAlert.m; sourceTree = "<group>"; };
		EAAFAA3BB403DF709FFD6398 /* libPods.a */ = {isa = PBXFileReference; explicitFileType = archive.ar; includeInIndex = 0; path = libPods.a; sourceTree = BUILT_PRODUCTS_DIR; };
/* End PBXFileReference section */

/* Begin PBXFrameworksBuildPhase section */
		7471749C1BF304F9003FEA23 /* Frameworks */ = {
			isa = PBXFrameworksBuildPhase;
			buildActionMask = 2147483647;
			files = (
				41A4125EAD65B41FD4340E46 /* libPods.a in Frameworks */,
			);
			runOnlyForDeploymentPostprocessing = 0;
		};
/* End PBXFrameworksBuildPhase section */

/* Begin PBXGroup section */
		2FE99F5F08EF28F69855EB2F /* Frameworks */ = {
			isa = PBXGroup;
			children = (
				EAAFAA3BB403DF709FFD6398 /* libPods.a */,
			);
			name = Frameworks;
			sourceTree = "<group>";
		};
		332EA0714C69FD9C932FC47B /* Pods */ = {
			isa = PBXGroup;
			children = (
				71E695A742E5826C11549DDE /* Pods.debug.xcconfig */,
				45FD82F135619FEEF30E06AD /* Pods.release.xcconfig */,
			);
			name = Pods;
			sourceTree = "<group>";
		};
		747174961BF304F9003FEA23 = {
			isa = PBXGroup;
			children = (
				747174A11BF304F9003FEA23 /* KiiBalance */,
				747174A01BF304F9003FEA23 /* Products */,
				332EA0714C69FD9C932FC47B /* Pods */,
				2FE99F5F08EF28F69855EB2F /* Frameworks */,
			);
			sourceTree = "<group>";
		};
		747174A01BF304F9003FEA23 /* Products */ = {
			isa = PBXGroup;
			children = (
				7471749F1BF304F9003FEA23 /* KiiBalance.app */,
			);
			name = Products;
			sourceTree = "<group>";
		};
		747174A11BF304F9003FEA23 /* KiiBalance */ = {
			isa = PBXGroup;
			children = (
				7488C7F91BFC770100EEE1B3 /* Alert */,
				747174C31BF31752003FEA23 /* List */,
				747174B91BF3113D003FEA23 /* Title */,
				747174A51BF304F9003FEA23 /* AppDelegate.h */,
				747174A61BF304F9003FEA23 /* AppDelegate.m */,
				7488C7FD1BFCDF8000EEE1B3 /* BalanceItem.h */,
				7488C7FE1BFCDF9D00EEE1B3 /* BalanceItem.m */,
				747174AB1BF304F9003FEA23 /* Main.storyboard */,
				747174AE1BF304F9003FEA23 /* Assets.xcassets */,
				747174B01BF304F9003FEA23 /* LaunchScreen.storyboard */,
				747174B31BF304F9003FEA23 /* Info.plist */,
				747174A21BF304F9003FEA23 /* Supporting Files */,
			);
			path = KiiBalance;
			sourceTree = "<group>";
		};
		747174A21BF304F9003FEA23 /* Supporting Files */ = {
			isa = PBXGroup;
			children = (
				747174A31BF304F9003FEA23 /* main.m */,
			);
			name = "Supporting Files";
			sourceTree = "<group>";
		};
		747174B91BF3113D003FEA23 /* Title */ = {
			isa = PBXGroup;
			children = (
				747174BA1BF31163003FEA23 /* TitleViewController.h */,
				747174BB1BF31163003FEA23 /* TitleViewController.m */,
				747174BD1BF31202003FEA23 /* LoginViewController.h */,
				747174BE1BF31202003FEA23 /* LoginViewController.m */,
				747174C01BF31221003FEA23 /* RegisterViewController.h */,
				747174C11BF31221003FEA23 /* RegisterViewController.m */,
			);
			path = Title;
			sourceTree = "<group>";
		};
		747174C31BF31752003FEA23 /* List */ = {
			isa = PBXGroup;
			children = (
				747174C41BF31774003FEA23 /* BalanceListViewController.h */,
				747174C51BF31774003FEA23 /* BalanceListViewController.m */,
				747174C81BF32262003FEA23 /* BalanceItemTableViewCell.h */,
				747174C91BF32262003FEA23 /* BalanceItemTableViewCell.m */,
				7488C8001BFCEC8E00EEE1B3 /* TotalAmountTableViewCell.h */,
				7488C8011BFCEC8E00EEE1B3 /* TotalAmountTableViewCell.m */,
				747174CB1BF33D05003FEA23 /* EditItemViewController.h */,
				747174CC1BF33D05003FEA23 /* EditItemViewController.m */,
			);
			path = List;
			sourceTree = "<group>";
		};
		7488C7F91BFC770100EEE1B3 /* Alert */ = {
			isa = PBXGroup;
			children = (
				7488C7FA1BFC772C00EEE1B3 /* KiiProgress.h */,
				7488C7FB1BFC772C00EEE1B3 /* KiiProgress.m */,
				7488C8031BFCF63D00EEE1B3 /* KiiAlert.h */,
				7488C8041BFCF63D00EEE1B3 /* KiiAlert.m */,
			);
			path = Alert;
			sourceTree = "<group>";
		};
/* End PBXGroup section */

/* Begin PBXNativeTarget section */
		7471749E1BF304F9003FEA23 /* KiiBalance */ = {
			isa = PBXNativeTarget;
			buildConfigurationList = 747174B61BF304F9003FEA23 /* Build configuration list for PBXNativeTarget "KiiBalance" */;
			buildPhases = (
				5701CC160E4BD5D55ECE3CFC /* Check Pods Manifest.lock */,
				7471749B1BF304F9003FEA23 /* Sources */,
				7471749C1BF304F9003FEA23 /* Frameworks */,
				7471749D1BF304F9003FEA23 /* Resources */,
				92708E5788ED97B2E63E4B87 /* Embed Pods Frameworks */,
				B1FDCDA2D73555A3671A695B /* Copy Pods Resources */,
			);
			buildRules = (
			);
			dependencies = (
			);
			name = KiiBalance;
			productName = KiiBalance;
			productReference = 7471749F1BF304F9003FEA23 /* KiiBalance.app */;
			productType = "com.apple.product-type.application";
		};
/* End PBXNativeTarget section */

/* Begin PBXProject section */
		747174971BF304F9003FEA23 /* Project object */ = {
			isa = PBXProject;
			attributes = {
				LastUpgradeCheck = 0710;
				ORGANIZATIONNAME = kii;
				TargetAttributes = {
					7471749E1BF304F9003FEA23 = {
						CreatedOnToolsVersion = 7.1.1;
					};
				};
			};
			buildConfigurationList = 7471749A1BF304F9003FEA23 /* Build configuration list for PBXProject "KiiBalance" */;
			compatibilityVersion = "Xcode 3.2";
			developmentRegion = English;
			hasScannedForEncodings = 0;
			knownRegions = (
				en,
				Base,
			);
			mainGroup = 747174961BF304F9003FEA23;
			productRefGroup = 747174A01BF304F9003FEA23 /* Products */;
			projectDirPath = "";
			projectRoot = "";
			targets = (
				7471749E1BF304F9003FEA23 /* KiiBalance */,
			);
		};
/* End PBXProject section */

/* Begin PBXResourcesBuildPhase section */
		7471749D1BF304F9003FEA23 /* Resources */ = {
			isa = PBXResourcesBuildPhase;
			buildActionMask = 2147483647;
			files = (
				747174B21BF304F9003FEA23 /* LaunchScreen.storyboard in Resources */,
				747174AF1BF304F9003FEA23 /* Assets.xcassets in Resources */,
				747174AD1BF304F9003FEA23 /* Main.storyboard in Resources */,
			);
			runOnlyForDeploymentPostprocessing = 0;
		};
/* End PBXResourcesBuildPhase section */

/* Begin PBXShellScriptBuildPhase section */
		5701CC160E4BD5D55ECE3CFC /* Check Pods Manifest.lock */ = {
			isa = PBXShellScriptBuildPhase;
			buildActionMask = 2147483647;
			files = (
			);
			inputPaths = (
			);
			name = "Check Pods Manifest.lock";
			outputPaths = (
			);
			runOnlyForDeploymentPostprocessing = 0;
			shellPath = /bin/sh;
			shellScript = "diff \"${PODS_ROOT}/../Podfile.lock\" \"${PODS_ROOT}/Manifest.lock\" > /dev/null\nif [[ $? != 0 ]] ; then\n    cat << EOM\nerror: The sandbox is not in sync with the Podfile.lock. Run 'pod install' or update your CocoaPods installation.\nEOM\n    exit 1\nfi\n";
			showEnvVarsInLog = 0;
		};
		92708E5788ED97B2E63E4B87 /* Embed Pods Frameworks */ = {
			isa = PBXShellScriptBuildPhase;
			buildActionMask = 2147483647;
			files = (
			);
			inputPaths = (
			);
			name = "Embed Pods Frameworks";
			outputPaths = (
			);
			runOnlyForDeploymentPostprocessing = 0;
			shellPath = /bin/sh;
			shellScript = "\"${SRCROOT}/Pods/Target Support Files/Pods/Pods-frameworks.sh\"\n";
			showEnvVarsInLog = 0;
		};
		B1FDCDA2D73555A3671A695B /* Copy Pods Resources */ = {
			isa = PBXShellScriptBuildPhase;
			buildActionMask = 2147483647;
			files = (
			);
			inputPaths = (
			);
			name = "Copy Pods Resources";
			outputPaths = (
			);
			runOnlyForDeploymentPostprocessing = 0;
			shellPath = /bin/sh;
			shellScript = "\"${SRCROOT}/Pods/Target Support Files/Pods/Pods-resources.sh\"\n";
			showEnvVarsInLog = 0;
		};
/* End PBXShellScriptBuildPhase section */

/* Begin PBXSourcesBuildPhase section */
		7471749B1BF304F9003FEA23 /* Sources */ = {
			isa = PBXSourcesBuildPhase;
			buildActionMask = 2147483647;
			files = (
				747174C61BF31774003FEA23 /* BalanceListViewController.m in Sources */,
				747174C21BF31221003FEA23 /* RegisterViewController.m in Sources */,
				747174BC1BF31163003FEA23 /* TitleViewController.m in Sources */,
				7488C8051BFCF63D00EEE1B3 /* KiiAlert.m in Sources */,
				747174A71BF304F9003FEA23 /* AppDelegate.m in Sources */,
				747174CA1BF32262003FEA23 /* BalanceItemTableViewCell.m in Sources */,
				7488C7FF1BFCDF9D00EEE1B3 /* BalanceItem.m in Sources */,
				7488C7FC1BFC772C00EEE1B3 /* KiiProgress.m in Sources */,
				7488C8021BFCEC8E00EEE1B3 /* TotalAmountTableViewCell.m in Sources */,
				747174A41BF304F9003FEA23 /* main.m in Sources */,
				747174CD1BF33D05003FEA23 /* EditItemViewController.m in Sources */,
				747174BF1BF31202003FEA23 /* LoginViewController.m in Sources */,
			);
			runOnlyForDeploymentPostprocessing = 0;
		};
/* End PBXSourcesBuildPhase section */

/* Begin PBXVariantGroup section */
		747174AB1BF304F9003FEA23 /* Main.storyboard */ = {
			isa = PBXVariantGroup;
			children = (
				747174AC1BF304F9003FEA23 /* Base */,
			);
			name = Main.storyboard;
			sourceTree = "<group>";
		};
		747174B01BF304F9003FEA23 /* LaunchScreen.storyboard */ = {
			isa = PBXVariantGroup;
			children = (
				747174B11BF304F9003FEA23 /* Base */,
			);
			name = LaunchScreen.storyboard;
			sourceTree = "<group>";
		};
/* End PBXVariantGroup section */

/* Begin XCBuildConfiguration section */
		747174B41BF304F9003FEA23 /* Debug */ = {
			isa = XCBuildConfiguration;
			buildSettings = {
				ALWAYS_SEARCH_USER_PATHS = NO;
				CLANG_CXX_LANGUAGE_STANDARD = "gnu++0x";
				CLANG_CXX_LIBRARY = "libc++";
				CLANG_ENABLE_MODULES = YES;
				CLANG_ENABLE_OBJC_ARC = YES;
				CLANG_WARN_BOOL_CONVERSION = YES;
				CLANG_WARN_CONSTANT_CONVERSION = YES;
				CLANG_WARN_DIRECT_OBJC_ISA_USAGE = YES_ERROR;
				CLANG_WARN_EMPTY_BODY = YES;
				CLANG_WARN_ENUM_CONVERSION = YES;
				CLANG_WARN_INT_CONVERSION = YES;
				CLANG_WARN_OBJC_ROOT_CLASS = YES_ERROR;
				CLANG_WARN_UNREACHABLE_CODE = YES;
				CLANG_WARN__DUPLICATE_METHOD_MATCH = YES;
				"CODE_SIGN_IDENTITY[sdk=iphoneos*]" = "iPhone Developer";
				COPY_PHASE_STRIP = NO;
				DEBUG_INFORMATION_FORMAT = dwarf;
				ENABLE_STRICT_OBJC_MSGSEND = YES;
				ENABLE_TESTABILITY = YES;
				GCC_C_LANGUAGE_STANDARD = gnu99;
				GCC_DYNAMIC_NO_PIC = NO;
				GCC_NO_COMMON_BLOCKS = YES;
				GCC_OPTIMIZATION_LEVEL = 0;
				GCC_PREPROCESSOR_DEFINITIONS = (
					"DEBUG=1",
					"$(inherited)",
				);
				GCC_WARN_64_TO_32_BIT_CONVERSION = YES;
				GCC_WARN_ABOUT_RETURN_TYPE = YES_ERROR;
				GCC_WARN_UNDECLARED_SELECTOR = YES;
				GCC_WARN_UNINITIALIZED_AUTOS = YES_AGGRESSIVE;
				GCC_WARN_UNUSED_FUNCTION = YES;
				GCC_WARN_UNUSED_VARIABLE = YES;
				IPHONEOS_DEPLOYMENT_TARGET = 9.1;
				MTL_ENABLE_DEBUG_INFO = YES;
				ONLY_ACTIVE_ARCH = YES;
				SDKROOT = iphoneos;
				TARGETED_DEVICE_FAMILY = "1,2";
			};
			name = Debug;
		};
		747174B51BF304F9003FEA23 /* Release */ = {
			isa = XCBuildConfiguration;
			buildSettings = {
				ALWAYS_SEARCH_USER_PATHS = NO;
				CLANG_CXX_LANGUAGE_STANDARD = "gnu++0x";
				CLANG_CXX_LIBRARY = "libc++";
				CLANG_ENABLE_MODULES = YES;
				CLANG_ENABLE_OBJC_ARC = YES;
				CLANG_WARN_BOOL_CONVERSION = YES;
				CLANG_WARN_CONSTANT_CONVERSION = YES;
				CLANG_WARN_DIRECT_OBJC_ISA_USAGE = YES_ERROR;
				CLANG_WARN_EMPTY_BODY = YES;
				CLANG_WARN_ENUM_CONVERSION = YES;
				CLANG_WARN_INT_CONVERSION = YES;
				CLANG_WARN_OBJC_ROOT_CLASS = YES_ERROR;
				CLANG_WARN_UNREACHABLE_CODE = YES;
				CLANG_WARN__DUPLICATE_METHOD_MATCH = YES;
				"CODE_SIGN_IDENTITY[sdk=iphoneos*]" = "iPhone Developer";
				COPY_PHASE_STRIP = NO;
				DEBUG_INFORMATION_FORMAT = "dwarf-with-dsym";
				ENABLE_NS_ASSERTIONS = NO;
				ENABLE_STRICT_OBJC_MSGSEND = YES;
				GCC_C_LANGUAGE_STANDARD = gnu99;
				GCC_NO_COMMON_BLOCKS = YES;
				GCC_WARN_64_TO_32_BIT_CONVERSION = YES;
				GCC_WARN_ABOUT_RETURN_TYPE = YES_ERROR;
				GCC_WARN_UNDECLARED_SELECTOR = YES;
				GCC_WARN_UNINITIALIZED_AUTOS = YES_AGGRESSIVE;
				GCC_WARN_UNUSED_FUNCTION = YES;
				GCC_WARN_UNUSED_VARIABLE = YES;
				IPHONEOS_DEPLOYMENT_TARGET = 9.1;
				MTL_ENABLE_DEBUG_INFO = NO;
				SDKROOT = iphoneos;
				TARGETED_DEVICE_FAMILY = "1,2";
				VALIDATE_PRODUCT = YES;
			};
			name = Release;
		};
		747174B71BF304F9003FEA23 /* Debug */ = {
			isa = XCBuildConfiguration;
			baseConfigurationReference = 71E695A742E5826C11549DDE /* Pods.debug.xcconfig */;
			buildSettings = {
				ASSETCATALOG_COMPILER_APPICON_NAME = AppIcon;
				ENABLE_BITCODE = NO;
				INFOPLIST_FILE = KiiBalance/Info.plist;
				LD_RUNPATH_SEARCH_PATHS = "$(inherited) @executable_path/Frameworks";
				PRODUCT_BUNDLE_IDENTIFIER = com.kii.KiiBalance;
				PRODUCT_NAME = "$(TARGET_NAME)";
			};
			name = Debug;
		};
		747174B81BF304F9003FEA23 /* Release */ = {
			isa = XCBuildConfiguration;
			baseConfigurationReference = 45FD82F135619FEEF30E06AD /* Pods.release.xcconfig */;
			buildSettings = {
				ASSETCATALOG_COMPILER_APPICON_NAME = AppIcon;
				ENABLE_BITCODE = NO;
				INFOPLIST_FILE = KiiBalance/Info.plist;
				LD_RUNPATH_SEARCH_PATHS = "$(inherited) @executable_path/Frameworks";
				PRODUCT_BUNDLE_IDENTIFIER = com.kii.KiiBalance;
				PRODUCT_NAME = "$(TARGET_NAME)";
			};
			name = Release;
		};
/* End XCBuildConfiguration section */

/* Begin XCConfigurationList section */
		7471749A1BF304F9003FEA23 /* Build configuration list for PBXProject "KiiBalance" */ = {
			isa = XCConfigurationList;
			buildConfigurations = (
				747174B41BF304F9003FEA23 /* Debug */,
				747174B51BF304F9003FEA23 /* Release */,
			);
			defaultConfigurationIsVisible = 0;
			defaultConfigurationName = Release;
		};
		747174B61BF304F9003FEA23 /* Build configuration list for PBXNativeTarget "KiiBalance" */ = {
			isa = XCConfigurationList;
			buildConfigurations = (
				747174B71BF304F9003FEA23 /* Debug */,
				747174B81BF304F9003FEA23 /* Release */,
			);
			defaultConfigurationIsVisible = 0;
			defaultConfigurationName = Release;
		};
/* End XCConfigurationList section */
	};
	rootObject = 747174971BF304F9003FEA23 /* Project object */;
}
